<?xml version="1.0" encoding="utf-8"?>
<Project ToolsVersion="4.0" xmlns="http://schemas.microsoft.com/developer/msbuild/2003">
  <ItemGroup>
    <CudaCompile Include="kernel.cu" />
    <CudaCompile Include="delaunayCuda.cu" />
    <CudaCompile Include="edge.cu" />
    <CudaCompile Include="triangle.cu" />
  </ItemGroup>
  <ItemGroup>
    <ClCompile Include="dt\delaunay.cpp" />
    <ClCompile Include="dt\edge.cpp" />
    <ClCompile Include="dt\triangle.cpp" />
    <ClCompile Include="dt\vector2.cpp" />
  </ItemGroup>
  <ItemGroup>
    <ClInclude Include="include\delaunay.h" />
    <ClInclude Include="include\edge.h" />
    <ClInclude Include="include\numeric.h" />
    <ClInclude Include="include\triangle.h" />
    <ClInclude Include="include\vector2.h" />
    <ClInclude Include="delaunayCuda.cuh" />
    <ClInclude Include="edge.cuh" />
    <ClInclude Include="triangle.cuh" />
  </ItemGroup>
</Project>